
Microsoft Visual Studio Solution File, Format Version 12.00
# Visual Studio Version 17
VisualStudioVersion = 17.5.33530.505
MinimumVisualStudioVersion = 10.0.40219.1
Project("{FAE04EC0-301F-11D3-BF4B-00C04F79EFBC}") = "OracleDDD", "OracleDDD.csproj", "{400FCE2F-07CF-4F24-B2AB-ACFF19CBA204}"
EndProject
Global
	GlobalSection(SolutionConfigurationPlatforms) = preSolution
		Debug|Any CPU = Debug|Any CPU
		Release|Any CPU = Release|Any CPU
	EndGlobalSection
	GlobalSection(ProjectConfigurationPlatforms) = postSolution
		{400FCE2F-07CF-4F24-B2AB-ACFF19CBA204}.Debug|Any CPU.ActiveCfg = Debug|Any CPU
		{400FCE2F-07CF-4F24-B2AB-ACFF19CBA204}.Debug|Any CPU.Build.0 = Debug|Any CPU
		{400FCE2F-07CF-4F24-B2AB-ACFF19CBA204}.Release|Any CPU.ActiveCfg = Release|Any CPU
		{400FCE2F-07CF-4F24-B2AB-ACFF19CBA204}.Release|Any CPU.Build.0 = Release|Any CPU
	EndGlobalSection
	GlobalSection(SolutionProperties) = preSolution
		HideSolutionNode = FALSE
	EndGlobalSection
	GlobalSection(ExtensibilityGlobals) = postSolution
		SolutionGuid = {CE5C1CE3-E99A-42F0-9310-C60119718D2E}
	EndGlobalSection
EndGlobal
